# This file is automatically @generated by Cargo.
# It is not intended for manual editing.
[[package]]
name = "cw_fdm"
version = "0.1.0"
dependencies = [
 "dynamic",
]

[[package]]
name = "dynamic"
version = "0.2.2"
source = "git+https://github.com/aarondewindt/rust-dynamic#97a720623bfea96ccc041b79c27675af11d23c5e"
dependencies = [
 "unsafe-any",
]

[[package]]
name = "traitobject"
version = "0.1.0"
source = "registry+https://github.com/rust-lang/crates.io-index"
checksum = "efd1f82c56340fdf16f2a953d7bda4f8fdffba13d93b00844c25572110b26079"

[[package]]
name = "unsafe-any"
version = "0.4.2"
source = "registry+https://github.com/rust-lang/crates.io-index"
checksum = "f30360d7979f5e9c6e6cea48af192ea8fab4afb3cf72597154b8f08935bc9c7f"
dependencies = [
 "traitobject",
]
